
Microsoft Visual Studio Solution File, Format Version 12.00
# Visual Studio Version 16
VisualStudioVersion = 16.0.30804.86
MinimumVisualStudioVersion = 10.0.40219.1
Project("{9A19103F-16F7-4668-BE54-9A1E7A4F7556}") = "MastekDeveloperTest", "MastekDeveloperTest\MastekDeveloperTest.csproj", "{7C3ABD72-F5D1-41BA-AD80-0BD7C44575AE}"
EndProject
Project("{9A19103F-16F7-4668-BE54-9A1E7A4F7556}") = "MastekDeveloperTest.Service", "MastekTest.Service\MastekDeveloperTest.Service.csproj", "{781457AF-3BC0-497C-992A-3B9A08382833}"
EndProject
Project("{9A19103F-16F7-4668-BE54-9A1E7A4F7556}") = "MastekDeveloperTest.DTO", "MastekTest.DTO\MastekDeveloperTest.DTO.csproj", "{2B112C27-435E-4193-A29D-716D8FF832BF}"
EndProject
Project("{9A19103F-16F7-4668-BE54-9A1E7A4F7556}") = "MastekDeveloperTest.PostCodeRepository", "MastekTest.PostCodeRepository\MastekDeveloperTest.PostCodeRepository.csproj", "{44078C77-BC51-42A8-8D07-45E7B0130CBC}"
EndProject
Project("{FAE04EC0-301F-11D3-BF4B-00C04F79EFBC}") = "MastekDeveloperTest.UnitTest", "MastekDeveloperTest.UnitTest\MastekDeveloperTest.UnitTest.csproj", "{02E439A6-4ABD-42F6-9667-8E132D50534F}"
EndProject
Project("{FAE04EC0-301F-11D3-BF4B-00C04F79EFBC}") = "MastekTest.DomainModel", "MastekTest.DomainModel\MastekTest.DomainModel.csproj", "{0B111E27-41A6-4A15-97A3-7430CE086116}"
EndProject
Global
	GlobalSection(SolutionConfigurationPlatforms) = preSolution
		Debug|Any CPU = Debug|Any CPU
		Release|Any CPU = Release|Any CPU
	EndGlobalSection
	GlobalSection(ProjectConfigurationPlatforms) = postSolution
		{7C3ABD72-F5D1-41BA-AD80-0BD7C44575AE}.Debug|Any CPU.ActiveCfg = Debug|Any CPU
		{7C3ABD72-F5D1-41BA-AD80-0BD7C44575AE}.Debug|Any CPU.Build.0 = Debug|Any CPU
		{7C3ABD72-F5D1-41BA-AD80-0BD7C44575AE}.Release|Any CPU.ActiveCfg = Release|Any CPU
		{7C3ABD72-F5D1-41BA-AD80-0BD7C44575AE}.Release|Any CPU.Build.0 = Release|Any CPU
		{781457AF-3BC0-497C-992A-3B9A08382833}.Debug|Any CPU.ActiveCfg = Debug|Any CPU
		{781457AF-3BC0-497C-992A-3B9A08382833}.Debug|Any CPU.Build.0 = Debug|Any CPU
		{781457AF-3BC0-497C-992A-3B9A08382833}.Release|Any CPU.ActiveCfg = Release|Any CPU
		{781457AF-3BC0-497C-992A-3B9A08382833}.Release|Any CPU.Build.0 = Release|Any CPU
		{2B112C27-435E-4193-A29D-716D8FF832BF}.Debug|Any CPU.ActiveCfg = Debug|Any CPU
		{2B112C27-435E-4193-A29D-716D8FF832BF}.Debug|Any CPU.Build.0 = Debug|Any CPU
		{2B112C27-435E-4193-A29D-716D8FF832BF}.Release|Any CPU.ActiveCfg = Release|Any CPU
		{2B112C27-435E-4193-A29D-716D8FF832BF}.Release|Any CPU.Build.0 = Release|Any CPU
		{44078C77-BC51-42A8-8D07-45E7B0130CBC}.Debug|Any CPU.ActiveCfg = Debug|Any CPU
		{44078C77-BC51-42A8-8D07-45E7B0130CBC}.Debug|Any CPU.Build.0 = Debug|Any CPU
		{44078C77-BC51-42A8-8D07-45E7B0130CBC}.Release|Any CPU.ActiveCfg = Release|Any CPU
		{44078C77-BC51-42A8-8D07-45E7B0130CBC}.Release|Any CPU.Build.0 = Release|Any CPU
		{02E439A6-4ABD-42F6-9667-8E132D50534F}.Debug|Any CPU.ActiveCfg = Debug|Any CPU
		{02E439A6-4ABD-42F6-9667-8E132D50534F}.Debug|Any CPU.Build.0 = Debug|Any CPU
		{02E439A6-4ABD-42F6-9667-8E132D50534F}.Release|Any CPU.ActiveCfg = Release|Any CPU
		{02E439A6-4ABD-42F6-9667-8E132D50534F}.Release|Any CPU.Build.0 = Release|Any CPU
		{0B111E27-41A6-4A15-97A3-7430CE086116}.Debug|Any CPU.ActiveCfg = Debug|Any CPU
		{0B111E27-41A6-4A15-97A3-7430CE086116}.Debug|Any CPU.Build.0 = Debug|Any CPU
		{0B111E27-41A6-4A15-97A3-7430CE086116}.Release|Any CPU.ActiveCfg = Release|Any CPU
		{0B111E27-41A6-4A15-97A3-7430CE086116}.Release|Any CPU.Build.0 = Release|Any CPU
	EndGlobalSection
	GlobalSection(SolutionProperties) = preSolution
		HideSolutionNode = FALSE
	EndGlobalSection
	GlobalSection(ExtensibilityGlobals) = postSolution
		SolutionGuid = {F4042AEA-EFD4-4A44-99CC-6C96317FDEC2}
	EndGlobalSection
EndGlobal
